
Microsoft Visual Studio Solution File, Format Version 12.00
# Visual Studio 15
VisualStudioVersion = 15.0.28307.271
MinimumVisualStudioVersion = 10.0.40219.1
Project("{FAE04EC0-301F-11D3-BF4B-00C04F79EFBC}") = "Game Co Caro", "Game Co Caro\Game Co Caro.csproj", "{3C29E459-EEF4-42A4-8868-F2A1ACBF6A02}"
EndProject
Global
	GlobalSection(SolutionConfigurationPlatforms) = preSolution
		Debug|Any CPU = Debug|Any CPU
		Release|Any CPU = Release|Any CPU
	EndGlobalSection
	GlobalSection(ProjectConfigurationPlatforms) = postSolution
		{3C29E459-EEF4-42A4-8868-F2A1ACBF6A02}.Debug|Any CPU.ActiveCfg = Debug|Any CPU
		{3C29E459-EEF4-42A4-8868-F2A1ACBF6A02}.Debug|Any CPU.Build.0 = Debug|Any CPU
		{3C29E459-EEF4-42A4-8868-F2A1ACBF6A02}.Release|Any CPU.ActiveCfg = Release|Any CPU
		{3C29E459-EEF4-42A4-8868-F2A1ACBF6A02}.Release|Any CPU.Build.0 = Release|Any CPU
	EndGlobalSection
	GlobalSection(SolutionProperties) = preSolution
		HideSolutionNode = FALSE
	EndGlobalSection
	GlobalSection(ExtensibilityGlobals) = postSolution
		SolutionGuid = {4A2E49B2-35BD-4991-AF5A-DA515B77ACEE}
	EndGlobalSection
EndGlobal
